
Microsoft Visual Studio Solution File, Format Version 11.00
# Visual Studio 2010
Project("{FAE04EC0-301F-11D3-BF4B-00C04F79EFBC}") = "MovieFavorites.Services", "MovieFavorites.Services\MovieFavorites.Services.csproj", "{1F9C867F-DBE0-4FCF-A5C4-089B24091E8A}"
EndProject
Project("{FAE04EC0-301F-11D3-BF4B-00C04F79EFBC}") = "MovieFavorites.Web", "MovieFavorites.Web\MovieFavorites.Web.csproj", "{E01E6FE2-8A8A-4D31-A088-FCE1F7DC2DC1}"
EndProject
Project("{FAE04EC0-301F-11D3-BF4B-00C04F79EFBC}") = "MovieFavorites.Contract", "MovieFavorites.Contract\MovieFavorites.Contract.csproj", "{E88F51E8-3293-48BC-B019-9A72B06AE259}"
EndProject
Project("{FAE04EC0-301F-11D3-BF4B-00C04F79EFBC}") = "MovieFavorites.Entities", "MovieFavorites.Entities\MovieFavorites.Entities.csproj", "{6192E9A5-8537-4446-83F0-D72C85BBC15C}"
EndProject
Project("{FAE04EC0-301F-11D3-BF4B-00C04F79EFBC}") = "MovieFavorites.WpfClient", "MovieFavorites.WpfClient\MovieFavorites.WpfClient.csproj", "{584240B5-33B9-43B5-8902-5660D034B936}"
EndProject
Project("{C8D11400-126E-41CD-887F-60BD40844F9E}") = "MovieFavoritesModel", "MovieFavoritesModel\MovieFavoritesModel.dbproj", "{67CBC824-A49E-4E9B-A947-360F3DFE65C3}"
EndProject
Global
	GlobalSection(SolutionConfigurationPlatforms) = preSolution
		Debug|Any CPU = Debug|Any CPU
		Debug|Mixed Platforms = Debug|Mixed Platforms
		Debug|x86 = Debug|x86
		Release|Any CPU = Release|Any CPU
		Release|Mixed Platforms = Release|Mixed Platforms
		Release|x86 = Release|x86
	EndGlobalSection
	GlobalSection(ProjectConfigurationPlatforms) = postSolution
		{1F9C867F-DBE0-4FCF-A5C4-089B24091E8A}.Debug|Any CPU.ActiveCfg = Debug|Any CPU
		{1F9C867F-DBE0-4FCF-A5C4-089B24091E8A}.Debug|Any CPU.Build.0 = Debug|Any CPU
		{1F9C867F-DBE0-4FCF-A5C4-089B24091E8A}.Debug|Mixed Platforms.ActiveCfg = Debug|Any CPU
		{1F9C867F-DBE0-4FCF-A5C4-089B24091E8A}.Debug|Mixed Platforms.Build.0 = Debug|Any CPU
		{1F9C867F-DBE0-4FCF-A5C4-089B24091E8A}.Debug|x86.ActiveCfg = Debug|Any CPU
		{1F9C867F-DBE0-4FCF-A5C4-089B24091E8A}.Release|Any CPU.ActiveCfg = Release|Any CPU
		{1F9C867F-DBE0-4FCF-A5C4-089B24091E8A}.Release|Any CPU.Build.0 = Release|Any CPU
		{1F9C867F-DBE0-4FCF-A5C4-089B24091E8A}.Release|Mixed Platforms.ActiveCfg = Release|Any CPU
		{1F9C867F-DBE0-4FCF-A5C4-089B24091E8A}.Release|Mixed Platforms.Build.0 = Release|Any CPU
		{1F9C867F-DBE0-4FCF-A5C4-089B24091E8A}.Release|x86.ActiveCfg = Release|Any CPU
		{E01E6FE2-8A8A-4D31-A088-FCE1F7DC2DC1}.Debug|Any CPU.ActiveCfg = Debug|Any CPU
		{E01E6FE2-8A8A-4D31-A088-FCE1F7DC2DC1}.Debug|Any CPU.Build.0 = Debug|Any CPU
		{E01E6FE2-8A8A-4D31-A088-FCE1F7DC2DC1}.Debug|Mixed Platforms.ActiveCfg = Debug|Any CPU
		{E01E6FE2-8A8A-4D31-A088-FCE1F7DC2DC1}.Debug|Mixed Platforms.Build.0 = Debug|Any CPU
		{E01E6FE2-8A8A-4D31-A088-FCE1F7DC2DC1}.Debug|x86.ActiveCfg = Debug|Any CPU
		{E01E6FE2-8A8A-4D31-A088-FCE1F7DC2DC1}.Release|Any CPU.ActiveCfg = Release|Any CPU
		{E01E6FE2-8A8A-4D31-A088-FCE1F7DC2DC1}.Release|Any CPU.Build.0 = Release|Any CPU
		{E01E6FE2-8A8A-4D31-A088-FCE1F7DC2DC1}.Release|Mixed Platforms.ActiveCfg = Release|Any CPU
		{E01E6FE2-8A8A-4D31-A088-FCE1F7DC2DC1}.Release|Mixed Platforms.Build.0 = Release|Any CPU
		{E01E6FE2-8A8A-4D31-A088-FCE1F7DC2DC1}.Release|x86.ActiveCfg = Release|Any CPU
		{E88F51E8-3293-48BC-B019-9A72B06AE259}.Debug|Any CPU.ActiveCfg = Debug|Any CPU
		{E88F51E8-3293-48BC-B019-9A72B06AE259}.Debug|Any CPU.Build.0 = Debug|Any CPU
		{E88F51E8-3293-48BC-B019-9A72B06AE259}.Debug|Mixed Platforms.ActiveCfg = Debug|Any CPU
		{E88F51E8-3293-48BC-B019-9A72B06AE259}.Debug|Mixed Platforms.Build.0 = Debug|Any CPU
		{E88F51E8-3293-48BC-B019-9A72B06AE259}.Debug|x86.ActiveCfg = Debug|Any CPU
		{E88F51E8-3293-48BC-B019-9A72B06AE259}.Release|Any CPU.ActiveCfg = Release|Any CPU
		{E88F51E8-3293-48BC-B019-9A72B06AE259}.Release|Any CPU.Build.0 = Release|Any CPU
		{E88F51E8-3293-48BC-B019-9A72B06AE259}.Release|Mixed Platforms.ActiveCfg = Release|Any CPU
		{E88F51E8-3293-48BC-B019-9A72B06AE259}.Release|Mixed Platforms.Build.0 = Release|Any CPU
		{E88F51E8-3293-48BC-B019-9A72B06AE259}.Release|x86.ActiveCfg = Release|Any CPU
		{6192E9A5-8537-4446-83F0-D72C85BBC15C}.Debug|Any CPU.ActiveCfg = Debug|Any CPU
		{6192E9A5-8537-4446-83F0-D72C85BBC15C}.Debug|Any CPU.Build.0 = Debug|Any CPU
		{6192E9A5-8537-4446-83F0-D72C85BBC15C}.Debug|Mixed Platforms.ActiveCfg = Debug|Any CPU
		{6192E9A5-8537-4446-83F0-D72C85BBC15C}.Debug|Mixed Platforms.Build.0 = Debug|Any CPU
		{6192E9A5-8537-4446-83F0-D72C85BBC15C}.Debug|x86.ActiveCfg = Debug|Any CPU
		{6192E9A5-8537-4446-83F0-D72C85BBC15C}.Release|Any CPU.ActiveCfg = Release|Any CPU
		{6192E9A5-8537-4446-83F0-D72C85BBC15C}.Release|Any CPU.Build.0 = Release|Any CPU
		{6192E9A5-8537-4446-83F0-D72C85BBC15C}.Release|Mixed Platforms.ActiveCfg = Release|Any CPU
		{6192E9A5-8537-4446-83F0-D72C85BBC15C}.Release|Mixed Platforms.Build.0 = Release|Any CPU
		{6192E9A5-8537-4446-83F0-D72C85BBC15C}.Release|x86.ActiveCfg = Release|Any CPU
		{584240B5-33B9-43B5-8902-5660D034B936}.Debug|Any CPU.ActiveCfg = Debug|x86
		{584240B5-33B9-43B5-8902-5660D034B936}.Debug|Mixed Platforms.ActiveCfg = Debug|x86
		{584240B5-33B9-43B5-8902-5660D034B936}.Debug|Mixed Platforms.Build.0 = Debug|x86
		{584240B5-33B9-43B5-8902-5660D034B936}.Debug|x86.ActiveCfg = Debug|x86
		{584240B5-33B9-43B5-8902-5660D034B936}.Debug|x86.Build.0 = Debug|x86
		{584240B5-33B9-43B5-8902-5660D034B936}.Release|Any CPU.ActiveCfg = Release|x86
		{584240B5-33B9-43B5-8902-5660D034B936}.Release|Mixed Platforms.ActiveCfg = Release|x86
		{584240B5-33B9-43B5-8902-5660D034B936}.Release|Mixed Platforms.Build.0 = Release|x86
		{584240B5-33B9-43B5-8902-5660D034B936}.Release|x86.ActiveCfg = Release|x86
		{584240B5-33B9-43B5-8902-5660D034B936}.Release|x86.Build.0 = Release|x86
		{67CBC824-A49E-4E9B-A947-360F3DFE65C3}.Debug|Any CPU.ActiveCfg = Debug|Any CPU
		{67CBC824-A49E-4E9B-A947-360F3DFE65C3}.Debug|Any CPU.Build.0 = Debug|Any CPU
		{67CBC824-A49E-4E9B-A947-360F3DFE65C3}.Debug|Any CPU.Deploy.0 = Debug|Any CPU
		{67CBC824-A49E-4E9B-A947-360F3DFE65C3}.Debug|Mixed Platforms.ActiveCfg = Debug|Any CPU
		{67CBC824-A49E-4E9B-A947-360F3DFE65C3}.Debug|Mixed Platforms.Build.0 = Debug|Any CPU
		{67CBC824-A49E-4E9B-A947-360F3DFE65C3}.Debug|Mixed Platforms.Deploy.0 = Debug|Any CPU
		{67CBC824-A49E-4E9B-A947-360F3DFE65C3}.Debug|x86.ActiveCfg = Debug|Any CPU
		{67CBC824-A49E-4E9B-A947-360F3DFE65C3}.Release|Any CPU.ActiveCfg = Release|Any CPU
		{67CBC824-A49E-4E9B-A947-360F3DFE65C3}.Release|Any CPU.Build.0 = Release|Any CPU
		{67CBC824-A49E-4E9B-A947-360F3DFE65C3}.Release|Any CPU.Deploy.0 = Release|Any CPU
		{67CBC824-A49E-4E9B-A947-360F3DFE65C3}.Release|Mixed Platforms.ActiveCfg = Release|Any CPU
		{67CBC824-A49E-4E9B-A947-360F3DFE65C3}.Release|Mixed Platforms.Build.0 = Release|Any CPU
		{67CBC824-A49E-4E9B-A947-360F3DFE65C3}.Release|Mixed Platforms.Deploy.0 = Release|Any CPU
		{67CBC824-A49E-4E9B-A947-360F3DFE65C3}.Release|x86.ActiveCfg = Release|Any CPU
	EndGlobalSection
	GlobalSection(SolutionProperties) = preSolution
		HideSolutionNode = FALSE
	EndGlobalSection
EndGlobal
